
Microsoft Visual Studio Solution File, Format Version 12.00
# Visual Studio 2013
VisualStudioVersion = 12.0.30501.0
MinimumVisualStudioVersion = 10.0.40219.1
Project("{FAE04EC0-301F-11D3-BF4B-00C04F79EFBC}") = "MiniWeb", "MiniWeb\MiniWeb.csproj", "{AA52160B-D1FF-4275-A8BF-0F66430465BA}"
EndProject
Project("{FAE04EC0-301F-11D3-BF4B-00C04F79EFBC}") = "MiniApi", "MiniApi\MiniApi.csproj", "{16D504D2-9D29-4218-B775-C3FF70DD3969}"
EndProject
Global
	GlobalSection(SolutionConfigurationPlatforms) = preSolution
		Debug|Any CPU = Debug|Any CPU
		Release|Any CPU = Release|Any CPU
	EndGlobalSection
	GlobalSection(ProjectConfigurationPlatforms) = postSolution
		{AA52160B-D1FF-4275-A8BF-0F66430465BA}.Debug|Any CPU.ActiveCfg = Debug|Any CPU
		{AA52160B-D1FF-4275-A8BF-0F66430465BA}.Debug|Any CPU.Build.0 = Debug|Any CPU
		{AA52160B-D1FF-4275-A8BF-0F66430465BA}.Release|Any CPU.ActiveCfg = Release|Any CPU
		{AA52160B-D1FF-4275-A8BF-0F66430465BA}.Release|Any CPU.Build.0 = Release|Any CPU
		{16D504D2-9D29-4218-B775-C3FF70DD3969}.Debug|Any CPU.ActiveCfg = Debug|Any CPU
		{16D504D2-9D29-4218-B775-C3FF70DD3969}.Debug|Any CPU.Build.0 = Debug|Any CPU
		{16D504D2-9D29-4218-B775-C3FF70DD3969}.Release|Any CPU.ActiveCfg = Release|Any CPU
		{16D504D2-9D29-4218-B775-C3FF70DD3969}.Release|Any CPU.Build.0 = Release|Any CPU
	EndGlobalSection
	GlobalSection(SolutionProperties) = preSolution
		HideSolutionNode = FALSE
	EndGlobalSection
EndGlobal
